
Microsoft Visual Studio Solution File, Format Version 12.00
# Visual Studio 14
VisualStudioVersion = 14.0.23107.0
MinimumVisualStudioVersion = 10.0.40219.1
Project("{FAE04EC0-301F-11D3-BF4B-00C04F79EFBC}") = "CinemaProject", "CinemaProject\CinemaProject.csproj", "{3081EA87-20E1-4629-ADBC-6E0C24922ED6}"
EndProject
Project("{FAE04EC0-301F-11D3-BF4B-00C04F79EFBC}") = "Host", "Host\Host.csproj", "{F2CE81EA-E911-4669-9D17-2838E11026ED}"
EndProject
Project("{FAE04EC0-301F-11D3-BF4B-00C04F79EFBC}") = "CinemaServiceDLL", "CinemaServiceDLL\CinemaServiceDLL\CinemaServiceDLL.csproj", "{409A6031-CEC2-4797-92A2-22619ACDB9F6}"
EndProject
Global
	GlobalSection(SolutionConfigurationPlatforms) = preSolution
		Debug|Any CPU = Debug|Any CPU
		Release|Any CPU = Release|Any CPU
	EndGlobalSection
	GlobalSection(ProjectConfigurationPlatforms) = postSolution
		{3081EA87-20E1-4629-ADBC-6E0C24922ED6}.Debug|Any CPU.ActiveCfg = Debug|Any CPU
		{3081EA87-20E1-4629-ADBC-6E0C24922ED6}.Debug|Any CPU.Build.0 = Debug|Any CPU
		{3081EA87-20E1-4629-ADBC-6E0C24922ED6}.Release|Any CPU.ActiveCfg = Release|Any CPU
		{3081EA87-20E1-4629-ADBC-6E0C24922ED6}.Release|Any CPU.Build.0 = Release|Any CPU
		{F2CE81EA-E911-4669-9D17-2838E11026ED}.Debug|Any CPU.ActiveCfg = Debug|Any CPU
		{F2CE81EA-E911-4669-9D17-2838E11026ED}.Debug|Any CPU.Build.0 = Debug|Any CPU
		{F2CE81EA-E911-4669-9D17-2838E11026ED}.Release|Any CPU.ActiveCfg = Release|Any CPU
		{F2CE81EA-E911-4669-9D17-2838E11026ED}.Release|Any CPU.Build.0 = Release|Any CPU
		{409A6031-CEC2-4797-92A2-22619ACDB9F6}.Debug|Any CPU.ActiveCfg = Debug|Any CPU
		{409A6031-CEC2-4797-92A2-22619ACDB9F6}.Debug|Any CPU.Build.0 = Debug|Any CPU
		{409A6031-CEC2-4797-92A2-22619ACDB9F6}.Release|Any CPU.ActiveCfg = Release|Any CPU
		{409A6031-CEC2-4797-92A2-22619ACDB9F6}.Release|Any CPU.Build.0 = Release|Any CPU
	EndGlobalSection
	GlobalSection(SolutionProperties) = preSolution
		HideSolutionNode = FALSE
	EndGlobalSection
EndGlobal
